
Microsoft Visual Studio Solution File, Format Version 12.00
# Visual Studio Version 17
VisualStudioVersion = 17.11.35327.3
MinimumVisualStudioVersion = 10.0.40219.1
Project("{FAE04EC0-301F-11D3-BF4B-00C04F79EFBC}") = "RRM-Library", "RRM-Library\RRM-Library.csproj", "{C504726B-C892-45FF-AB80-305137E55E46}"
EndProject
Global
	GlobalSection(SolutionConfigurationPlatforms) = preSolution
		Debug|Any CPU = Debug|Any CPU
		Release|Any CPU = Release|Any CPU
	EndGlobalSection
	GlobalSection(ProjectConfigurationPlatforms) = postSolution
		{C504726B-C892-45FF-AB80-305137E55E46}.Debug|Any CPU.ActiveCfg = Debug|Any CPU
		{C504726B-C892-45FF-AB80-305137E55E46}.Debug|Any CPU.Build.0 = Debug|Any CPU
		{C504726B-C892-45FF-AB80-305137E55E46}.Release|Any CPU.ActiveCfg = Release|Any CPU
		{C504726B-C892-45FF-AB80-305137E55E46}.Release|Any CPU.Build.0 = Release|Any CPU
	EndGlobalSection
	GlobalSection(SolutionProperties) = preSolution
		HideSolutionNode = FALSE
	EndGlobalSection
	GlobalSection(ExtensibilityGlobals) = postSolution
		SolutionGuid = {428C563D-5A10-420B-9D52-DB23D59E9CCB}
	EndGlobalSection
EndGlobal
